{
  "name": "fluxer-honeypot",
  "version": "0.1.0",
  "lockfileVersion": 3,
  "requires": true,
  "packages": {
    "": {
      "name": "fluxer-honeypot",
      "version": "0.1.0",
      "dependencies": {
        "@fluxerjs/core": "^3.1.0",
        "fluxer-selfbot": "^1.0.1"
      },
      "engines": {
        "node": ">=22.13"
      }
    },
    "node_modules/@fluxerjs/builders": {
      "version": "3.0.0",
      "resolved": "https://registry.npmjs.org/@fluxerjs/builders/-/builders-3.0.0.tgz",
      "integrity": "sha512-UIRI3J9ydf7JXsbMMmREiZu3M2NTLVYnyP3g0MpLbOyftwBtr7B03tMKK+FetzwPQOFwvZgmG72hgOg08AQ83g==",
      "license": "Apache-2.0",
      "dependencies": {
        "@fluxerjs/types": "3.0.0",
        "@fluxerjs/util": "3.0.0"
      },
      "engines": {
        "node": ">=22.13.0"
      }
    },
    "node_modules/@fluxerjs/builders/node_modules/@fluxerjs/types": {
      "version": "3.0.0",
      "resolved": "https://registry.npmjs.org/@fluxerjs/types/-/types-3.0.0.tgz",
      "integrity": "sha512-VfCtBExMq5bZ+WC8E2oc96tfj6XRKePhRKjPJtcIc1AW+V6/+d3w/C9fx9HEnQs9xm33xvyah7cu9zp0jOx8qA==",
      "license": "Apache-2.0",
      "engines": {
        "node": ">=22.13.0"
      }
    },
    "node_modules/@fluxerjs/builders/node_modules/@fluxerjs/util": {
      "version": "3.0.0",
      "resolved": "https://registry.npmjs.org/@fluxerjs/util/-/util-3.0.0.tgz",
      "integrity": "sha512-CMFRYdjQC26ZoXckgWcDVshZuxrU9wu42H/prv9cciZfmR9RQTSelVKq5TM1XQeYchrpxoL9EPxQMv3moSsbvA==",
      "license": "Apache-2.0",
      "dependencies": {
        "@fluxerjs/types": "3.0.0"
      },
      "engines": {
        "node": ">=22.13.0"
      }
    },
    "node_modules/@fluxerjs/collection": {
      "version": "3.0.0",
      "resolved": "https://registry.npmjs.org/@fluxerjs/collection/-/collection-3.0.0.tgz",
      "integrity": "sha512-IUdngO5ymv89iDnXTz+E+U8lmNH5DMOOmZ9StBCjFAQ8wAvXLo9fceN2xjlLlACeNgw+sueFSoJV6x3h1Zs2Ug==",
      "license": "Apache-2.0",
      "engines": {
        "node": ">=22.13.0"
      }
    },
    "node_modules/@fluxerjs/core": {
      "version": "3.1.0",
      "resolved": "https://registry.npmjs.org/@fluxerjs/core/-/core-3.1.0.tgz",
      "integrity": "sha512-cdVwzXNJB1/9iSzcRNUIeN8qPkCk6kO3jw4dShLkUZPOYNgVmi+AYvjc0Te3/poyYoWcHkojvpEymcKAnr/ymg==",
      "license": "Apache-2.0",
      "dependencies": {
        "@fluxerjs/builders": "3.0.0",
        "@fluxerjs/collection": "3.0.0",
        "@fluxerjs/rest": "3.1.0",
        "@fluxerjs/types": "3.1.0",
        "@fluxerjs/util": "3.1.0",
        "@fluxerjs/ws": "3.1.0"
      },
      "engines": {
        "node": ">=22.13.0"
      }
    },
    "node_modules/@fluxerjs/rest": {
      "version": "3.1.0",
      "resolved": "https://registry.npmjs.org/@fluxerjs/rest/-/rest-3.1.0.tgz",
      "integrity": "sha512-JHnrHLwuhoEze/F3ZwYf7quS8tJAyRi8GwHc3xB4jnc1GZdK/9ZPbNkQVpXdl4CbiaO2bmlvfboiyHviZIWc0w==",
      "license": "Apache-2.0",
      "dependencies": {
        "@fluxerjs/types": "3.1.0",
        "undici": "^7.29.0"
      },
      "engines": {
        "node": ">=22.13.0"
      }
    },
    "node_modules/@fluxerjs/types": {
      "version": "3.1.0",
      "resolved": "https://registry.npmjs.org/@fluxerjs/types/-/types-3.1.0.tgz",
      "integrity": "sha512-Irtg8g7NhxvO5IAdJ3KdLq91K6thcTc2A8YeSgM0I61ESsYfvNuNdxMS/Y/y+xGjyfXIVpEEPkhfkEHaIojgIA==",
      "license": "Apache-2.0",
      "engines": {
        "node": ">=22.13.0"
      }
    },
    "node_modules/@fluxerjs/util": {
      "version": "3.1.0",
      "resolved": "https://registry.npmjs.org/@fluxerjs/util/-/util-3.1.0.tgz",
      "integrity": "sha512-NCFf4igTpDeRAgW7/8yxEDFfqmy16xlfvBQfysSAE2jEkUcM0s1G9nP8rsIhTYb4bQ+dTvHh9Rv/eWKgOYyI/w==",
      "license": "Apache-2.0",
      "dependencies": {
        "@fluxerjs/types": "3.1.0"
      },
      "engines": {
        "node": ">=22.13.0"
      }
    },
    "node_modules/@fluxerjs/ws": {
      "version": "3.1.0",
      "resolved": "https://registry.npmjs.org/@fluxerjs/ws/-/ws-3.1.0.tgz",
      "integrity": "sha512-CQWs6zKo6a+SkOOk/KtMHWRKa38cVNrjLfihzBwb3eR7zUIv4wXnKWxw03X8e1kp/C4DMAAElQX+OQFU/K+xNg==",
      "license": "Apache-2.0",
      "dependencies": {
        "@fluxerjs/types": "3.1.0",
        "@fluxerjs/util": "3.1.0",
        "ws": "^8.21.0"
      },
      "engines": {
        "node": ">=22.13.0"
      }
    },
    "node_modules/fluxer-selfbot": {
      "version": "1.0.1",
      "resolved": "https://registry.npmjs.org/fluxer-selfbot/-/fluxer-selfbot-1.0.1.tgz",
      "integrity": "sha512-1WVwq8d92PNNSNsPH/cDl60O641Q82clJJpW0UAZwiVOKBgJCIlP8DdUhyNqgXuFSvknej0YVh2/1w8TxIasrg==",
      "license": "Apache-2.0",
      "workspaces": [
        "packages/*"
      ],
      "peerDependencies": {
        "typescript": "^5.6.0"
      }
    },
    "node_modules/typescript": {
      "version": "5.9.3",
      "resolved": "https://registry.npmjs.org/typescript/-/typescript-5.9.3.tgz",
      "integrity": "sha512-jl1vZzPDinLr9eUt3J/t7V6FgNEw9QjvBPdysz9KfQDD41fQrC2Y4vKQdiaUpFT4bXlb1RHhLpp8wtm6M5TgSw==",
      "license": "Apache-2.0",
      "peer": true,
      "bin": {
        "tsc": "bin/tsc",
        "tsserver": "bin/tsserver"
      },
      "engines": {
        "node": ">=14.17"
      }
    },
    "node_modules/undici": {
      "version": "7.30.0",
      "resolved": "https://registry.npmjs.org/undici/-/undici-7.30.0.tgz",
      "integrity": "sha512-dkrQXeHSaoamnItlYbmzG0wFYrM0ZwDxCIg0A7aKjTyyhh9svRzCNFEzV+Vm05/yehjCzjDZ31KXfGEjYSztDQ==",
      "license": "MIT",
      "engines": {
        "node": ">=20.18.1"
      }
    },
    "node_modules/ws": {
      "version": "8.21.3",
      "resolved": "https://registry.npmjs.org/ws/-/ws-8.21.3.tgz",
      "integrity": "sha512-201TZ/kPWxoPr/OKWjquZR1SWKXcvxdH+e1xrx89b3YbmzLMFCLfnaG1HFIgWzJOEWZ7MvpK++odZufgYR50Rw==",
      "license": "MIT",
      "engines": {
        "node": ">=10.0.0"
      },
      "peerDependencies": {
        "bufferutil": "^4.0.1",
        "utf-8-validate": ">=5.0.2"
      },
      "peerDependenciesMeta": {
        "bufferutil": {
          "optional": true
        },
        "utf-8-validate": {
          "optional": true
        }
      }
    }
  }
}
